
Microsoft Visual Studio Solution File, Format Version 12.00
# Visual Studio Version 17
VisualStudioVersion = 17.3.32922.545
MinimumVisualStudioVersion = 10.0.40219.1
Project("{FAE04EC0-301F-11D3-BF4B-00C04F79EFBC}") = "ExampleSQLApp", "ExampleSQLApp\ExampleSQLApp.csproj", "{AB3CD2D9-7ACD-4BF8-A9EB-38467307E6E3}"
EndProject
Global
	GlobalSection(SolutionConfigurationPlatforms) = preSolution
		Debug|Any CPU = Debug|Any CPU
		Release|Any CPU = Release|Any CPU
	EndGlobalSection
	GlobalSection(ProjectConfigurationPlatforms) = postSolution
		{AB3CD2D9-7ACD-4BF8-A9EB-38467307E6E3}.Debug|Any CPU.ActiveCfg = Debug|Any CPU
		{AB3CD2D9-7ACD-4BF8-A9EB-38467307E6E3}.Debug|Any CPU.Build.0 = Debug|Any CPU
		{AB3CD2D9-7ACD-4BF8-A9EB-38467307E6E3}.Release|Any CPU.ActiveCfg = Release|Any CPU
		{AB3CD2D9-7ACD-4BF8-A9EB-38467307E6E3}.Release|Any CPU.Build.0 = Release|Any CPU
	EndGlobalSection
	GlobalSection(SolutionProperties) = preSolution
		HideSolutionNode = FALSE
	EndGlobalSection
	GlobalSection(ExtensibilityGlobals) = postSolution
		SolutionGuid = {08B7DD37-4EFA-4332-936C-37935F858229}
	EndGlobalSection
EndGlobal
